<?xml version="1.0" encoding="utf-8"?>
<Project ToolsVersion="4.0" xmlns="http://schemas.microsoft.com/developer/msbuild/2003">
  <ItemGroup>
    <Filter Include="Header Files">
      <UniqueIdentifier>{93995380-89BD-4b04-88EB-625FBE52EBFB}</UniqueIdentifier>
      <Extensions>h;hpp;hxx;hm;inl;inc;xsd</Extensions>
    </Filter>
    <Filter Include="Resource Files">
      <UniqueIdentifier>{67DA6AB6-F800-4c08-8B7A-83BB121AAD01}</UniqueIdentifier>
      <Extensions>rc;ico;cur;bmp;dlg;rc2;rct;bin;rgs;gif;jpg;jpeg;jpe;resx</Extensions>
    </Filter>
    <Filter Include="Source Files">
      <UniqueIdentifier>{4FC737F1-C7A5-4376-A066-2A32D752A2FF}</UniqueIdentifier>
      <Extensions>cpp;c;cc;cxx;def;odl;idl;hpj;bat;asm;asmx</Extensions>
    </Filter>
  </ItemGroup>
  <ItemGroup>
    <ClInclude Include="actions.hpp">
      <Filter>Header Files</Filter>
    </ClInclude>
    <ClInclude Include="basicio.hpp">
      <Filter>Header Files</Filter>
    </ClInclude>
    <ClInclude Include="bmpimage.hpp">
      <Filter>Header Files</Filter>
    </ClInclude>
    <ClInclude Include="canonmn.hpp">
      <Filter>Header Files</Filter>
    </ClInclude>
    <ClInclude Include="convert.hpp">
      <Filter>Header Files</Filter>
    </ClInclude>
    <ClInclude Include="cr2image.hpp">
      <Filter>Header Files</Filter>
    </ClInclude>
    <ClInclude Include="crwimage.hpp">
      <Filter>Header Files</Filter>
    </ClInclude>
    <ClInclude Include="datasets.hpp">
      <Filter>Header Files</Filter>
    </ClInclude>
    <ClInclude Include="error.hpp">
      <Filter>Header Files</Filter>
    </ClInclude>
    <ClInclude Include="exif.hpp">
      <Filter>Header Files</Filter>
    </ClInclude>
    <ClInclude Include="exiv2.hpp">
      <Filter>Header Files</Filter>
    </ClInclude>
    <ClInclude Include="exv_msvc.h">
      <Filter>Header Files</Filter>
    </ClInclude>
    <ClInclude Include="fujimn.hpp">
      <Filter>Header Files</Filter>
    </ClInclude>
    <ClInclude Include="futils.hpp">
      <Filter>Header Files</Filter>
    </ClInclude>
    <ClInclude Include="getopt_win32.h">
      <Filter>Header Files</Filter>
    </ClInclude>
    <ClInclude Include="gifimage.hpp">
      <Filter>Header Files</Filter>
    </ClInclude>
    <ClInclude Include="i18n.h">
      <Filter>Header Files</Filter>
    </ClInclude>
    <ClInclude Include="ifd.hpp">
      <Filter>Header Files</Filter>
    </ClInclude>
    <ClInclude Include="image.hpp">
      <Filter>Header Files</Filter>
    </ClInclude>
    <ClInclude Include="iptc.hpp">
      <Filter>Header Files</Filter>
    </ClInclude>
    <ClInclude Include="jp2image.hpp">
      <Filter>Header Files</Filter>
    </ClInclude>
    <ClInclude Include="jpgimage.hpp">
      <Filter>Header Files</Filter>
    </ClInclude>
    <ClInclude Include="makernote.hpp">
      <Filter>Header Files</Filter>
    </ClInclude>
    <ClInclude Include="makernote2.hpp">
      <Filter>Header Files</Filter>
    </ClInclude>
    <ClInclude Include="metadatum.hpp">
      <Filter>Header Files</Filter>
    </ClInclude>
    <ClInclude Include="minoltamn.hpp">
      <Filter>Header Files</Filter>
    </ClInclude>
    <ClInclude Include="mn.hpp">
      <Filter>Header Files</Filter>
    </ClInclude>
    <ClInclude Include="mrwimage.hpp">
      <Filter>Header Files</Filter>
    </ClInclude>
    <ClInclude Include="nikonmn.hpp">
      <Filter>Header Files</Filter>
    </ClInclude>
    <ClInclude Include="olympusmn.hpp">
      <Filter>Header Files</Filter>
    </ClInclude>
    <ClInclude Include="orfimage.hpp">
      <Filter>Header Files</Filter>
    </ClInclude>
    <ClInclude Include="panasonicmn.hpp">
      <Filter>Header Files</Filter>
    </ClInclude>
    <ClInclude Include="pentaxmn.hpp">
      <Filter>Header Files</Filter>
    </ClInclude>
    <ClInclude Include="pngchunk.hpp">
      <Filter>Header Files</Filter>
    </ClInclude>
    <ClInclude Include="pngimage.hpp">
      <Filter>Header Files</Filter>
    </ClInclude>
    <ClInclude Include="private.h">
      <Filter>Header Files</Filter>
    </ClInclude>
    <ClInclude Include="properties.hpp">
      <Filter>Header Files</Filter>
    </ClInclude>
    <ClInclude Include="psdimage.hpp">
      <Filter>Header Files</Filter>
    </ClInclude>
    <ClInclude Include="rafimage.hpp">
      <Filter>Header Files</Filter>
    </ClInclude>
    <ClInclude Include="rcsid.hpp">
      <Filter>Header Files</Filter>
    </ClInclude>
    <ClInclude Include="sigmamn.hpp">
      <Filter>Header Files</Filter>
    </ClInclude>
    <ClInclude Include="sonymn.hpp">
      <Filter>Header Files</Filter>
    </ClInclude>
    <ClInclude Include="tags.hpp">
      <Filter>Header Files</Filter>
    </ClInclude>
    <ClInclude Include="tgaimage.hpp">
      <Filter>Header Files</Filter>
    </ClInclude>
    <ClInclude Include="tiffcomposite.hpp">
      <Filter>Header Files</Filter>
    </ClInclude>
    <ClInclude Include="tifffwd.hpp">
      <Filter>Header Files</Filter>
    </ClInclude>
    <ClInclude Include="tiffimage.hpp">
      <Filter>Header Files</Filter>
    </ClInclude>
    <ClInclude Include="tiffparser.hpp">
      <Filter>Header Files</Filter>
    </ClInclude>
    <ClInclude Include="tiffvisitor.hpp">
      <Filter>Header Files</Filter>
    </ClInclude>
    <ClInclude Include="timegm.h">
      <Filter>Header Files</Filter>
    </ClInclude>
    <ClInclude Include="types.hpp">
      <Filter>Header Files</Filter>
    </ClInclude>
    <ClInclude Include="tzfile.h">
      <Filter>Header Files</Filter>
    </ClInclude>
    <ClInclude Include="utils.hpp">
      <Filter>Header Files</Filter>
    </ClInclude>
    <ClInclude Include="value.hpp">
      <Filter>Header Files</Filter>
    </ClInclude>
    <ClInclude Include="version.hpp">
      <Filter>Header Files</Filter>
    </ClInclude>
    <ClInclude Include="xmp.hpp">
      <Filter>Header Files</Filter>
    </ClInclude>
    <ClInclude Include="xmpsidecar.hpp">
      <Filter>Header Files</Filter>
    </ClInclude>
  </ItemGroup>
  <ItemGroup>
    <ClCompile Include="actions.cpp">
      <Filter>Source Files</Filter>
    </ClCompile>
    <ClCompile Include="basicio.cpp">
      <Filter>Source Files</Filter>
    </ClCompile>
    <ClCompile Include="bmpimage.cpp">
      <Filter>Source Files</Filter>
    </ClCompile>
    <ClCompile Include="canonmn.cpp">
      <Filter>Source Files</Filter>
    </ClCompile>
    <ClCompile Include="convert.cpp">
      <Filter>Source Files</Filter>
    </ClCompile>
    <ClCompile Include="cr2image.cpp">
      <Filter>Source Files</Filter>
    </ClCompile>
    <ClCompile Include="crwimage.cpp">
      <Filter>Source Files</Filter>
    </ClCompile>
    <ClCompile Include="datasets.cpp">
      <Filter>Source Files</Filter>
    </ClCompile>
    <ClCompile Include="error.cpp">
      <Filter>Source Files</Filter>
    </ClCompile>
    <ClCompile Include="exif.cpp">
      <Filter>Source Files</Filter>
    </ClCompile>
    <ClCompile Include="exiv2.cpp">
      <Filter>Source Files</Filter>
    </ClCompile>
    <ClCompile Include="fujimn.cpp">
      <Filter>Source Files</Filter>
    </ClCompile>
    <ClCompile Include="futils.cpp">
      <Filter>Source Files</Filter>
    </ClCompile>
    <ClCompile Include="getopt_win32.c">
      <Filter>Source Files</Filter>
    </ClCompile>
    <ClCompile Include="gifimage.cpp">
      <Filter>Source Files</Filter>
    </ClCompile>
    <ClCompile Include="ifd.cpp">
      <Filter>Source Files</Filter>
    </ClCompile>
    <ClCompile Include="image.cpp">
      <Filter>Source Files</Filter>
    </ClCompile>
    <ClCompile Include="iptc.cpp">
      <Filter>Source Files</Filter>
    </ClCompile>
    <ClCompile Include="jp2image.cpp">
      <Filter>Source Files</Filter>
    </ClCompile>
    <ClCompile Include="jpgimage.cpp">
      <Filter>Source Files</Filter>
    </ClCompile>
    <ClCompile Include="localtime.c">
      <Filter>Source Files</Filter>
    </ClCompile>
    <ClCompile Include="makernote.cpp">
      <Filter>Source Files</Filter>
    </ClCompile>
    <ClCompile Include="makernote2.cpp">
      <Filter>Source Files</Filter>
    </ClCompile>
    <ClCompile Include="metacopy.cpp">
      <Filter>Source Files</Filter>
    </ClCompile>
    <ClCompile Include="metadatum.cpp">
      <Filter>Source Files</Filter>
    </ClCompile>
    <ClCompile Include="minoltamn.cpp">
      <Filter>Source Files</Filter>
    </ClCompile>
    <ClCompile Include="mrwimage.cpp">
      <Filter>Source Files</Filter>
    </ClCompile>
    <ClCompile Include="nikonmn.cpp">
      <Filter>Source Files</Filter>
    </ClCompile>
    <ClCompile Include="olympusmn.cpp">
      <Filter>Source Files</Filter>
    </ClCompile>
    <ClCompile Include="orfimage.cpp">
      <Filter>Source Files</Filter>
    </ClCompile>
    <ClCompile Include="panasonicmn.cpp">
      <Filter>Source Files</Filter>
    </ClCompile>
    <ClCompile Include="path-test.cpp">
      <Filter>Source Files</Filter>
    </ClCompile>
    <ClCompile Include="pentaxmn.cpp">
      <Filter>Source Files</Filter>
    </ClCompile>
    <ClCompile Include="pngchunk.cpp">
      <Filter>Source Files</Filter>
    </ClCompile>
    <ClCompile Include="pngimage.cpp">
      <Filter>Source Files</Filter>
    </ClCompile>
    <ClCompile Include="properties.cpp">
      <Filter>Source Files</Filter>
    </ClCompile>
    <ClCompile Include="psdimage.cpp">
      <Filter>Source Files</Filter>
    </ClCompile>
    <ClCompile Include="rafimage.cpp">
      <Filter>Source Files</Filter>
    </ClCompile>
    <ClCompile Include="sigmamn.cpp">
      <Filter>Source Files</Filter>
    </ClCompile>
    <ClCompile Include="sonymn.cpp">
      <Filter>Source Files</Filter>
    </ClCompile>
    <ClCompile Include="taglist.cpp">
      <Filter>Source Files</Filter>
    </ClCompile>
    <ClCompile Include="tags.cpp">
      <Filter>Source Files</Filter>
    </ClCompile>
    <ClCompile Include="tgaimage.cpp">
      <Filter>Source Files</Filter>
    </ClCompile>
    <ClCompile Include="tiffcomposite.cpp">
      <Filter>Source Files</Filter>
    </ClCompile>
    <ClCompile Include="tiffimage.cpp">
      <Filter>Source Files</Filter>
    </ClCompile>
    <ClCompile Include="tiffparser.cpp">
      <Filter>Source Files</Filter>
    </ClCompile>
    <ClCompile Include="tiffvisitor.cpp">
      <Filter>Source Files</Filter>
    </ClCompile>
    <ClCompile Include="types.cpp">
      <Filter>Source Files</Filter>
    </ClCompile>
    <ClCompile Include="utils.cpp">
      <Filter>Source Files</Filter>
    </ClCompile>
    <ClCompile Include="value.cpp">
      <Filter>Source Files</Filter>
    </ClCompile>
    <ClCompile Include="version.cpp">
      <Filter>Source Files</Filter>
    </ClCompile>
    <ClCompile Include="xmp.cpp">
      <Filter>Source Files</Filter>
    </ClCompile>
    <ClCompile Include="xmpsidecar.cpp">
      <Filter>Source Files</Filter>
    </ClCompile>
  </ItemGroup>
  <ItemGroup>
    <CustomBuild Include="metacopy.hpp">
      <Filter>Header Files</Filter>
    </CustomBuild>
  </ItemGroup>
</Project>